# This file is automatically @generated by Cargo.
# It is not intended for manual editing.
version = 4

[[package]]
name = "crossbeam-utils"
version = "0.8.21"
source = "registry+https://github.com/rust-lang/crates.io-index"
checksum = "d0a5c400df2834b80a4c3327b3aad3a4c4cd4de0629063962b03235697506a28"

[[package]]
name = "cty"
version = "0.2.2"
source = "registry+https://github.com/rust-lang/crates.io-index"
checksum = "b365fabc795046672053e29c954733ec3b05e4be654ab130fe8f1f94d7051f35"

[[package]]
name = "imgui-api"
version = "0.1.0"
source = "git+https://github.com/Coolsonickirby/imgui-api.git#9259902433138ec9c9ef9e4b152de01403f9456f"
dependencies = [
 "cty",
]

[[package]]
name = "lazy_static"
version = "1.5.0"
source = "registry+https://github.com/rust-lang/crates.io-index"
checksum = "bbd2bcb4c963f2ddae06a2efc7e9f3591312473c50c6685e1f298068316e66fe"

[[package]]
name = "libc-nnsdk"
version = "0.5.0"
source = "registry+https://github.com/rust-lang/crates.io-index"
checksum = "1256a11d163c7288d94909f8120ede53294d8c233df314b0e4f01cf0269707da"

[[package]]
name = "locks"
version = "1.6.6"
source = "git+https://github.com/HDR-Development/smashline#df194a03b918116adb7bda1c2b4565dcd82a4756"
dependencies = [
 "skyline",
]

[[package]]
name = "ncommon"
version = "0.1.0"
source = "git+https://github.com/BlankMauser/nsuite.git#726fc8990f7ab4c2abb317c09c57846bcf8b7b33"
dependencies = [
 "locks",
 "skyline",
]

[[package]]
name = "ngpu"
version = "0.1.0"
source = "git+https://github.com/BlankMauser/nsuite.git#726fc8990f7ab4c2abb317c09c57846bcf8b7b33"
dependencies = [
 "locks",
 "ncommon",
 "skyline",
]

[[package]]
name = "ninput"
version = "0.1.0"
source = "git+https://github.com/BlankMauser/nsuite.git#726fc8990f7ab4c2abb317c09c57846bcf8b7b33"
dependencies = [
 "ncommon",
 "ringbuf",
 "skyline",
]

[[package]]
name = "nmem"
version = "0.1.0"
source = "git+https://github.com/BlankMauser/nsuite.git#726fc8990f7ab4c2abb317c09c57846bcf8b7b33"
dependencies = [
 "locks",
 "ncommon",
 "ngpu",
 "skyline",
]

[[package]]
name = "nnsdk"
version = "0.6.1"
source = "git+https://github.com/ultimate-research/nnsdk-rs#ca3f1e3fa3fb16209f8407795772ea7245440c38"
dependencies = [
 "libc-nnsdk",
]

[[package]]
name = "nsuite"
version = "0.1.0"
source = "git+https://github.com/BlankMauser/nsuite.git#726fc8990f7ab4c2abb317c09c57846bcf8b7b33"
dependencies = [
 "locks",
 "ncommon",
 "ngpu",
 "ninput",
 "nmem",
 "ntask",
 "skyline",
]

[[package]]
name = "ntask"
version = "0.1.0"
source = "git+https://github.com/BlankMauser/nsuite.git#726fc8990f7ab4c2abb317c09c57846bcf8b7b33"
dependencies = [
 "locks",
 "skyline",
]

[[package]]
name = "portable-atomic"
version = "1.13.1"
source = "registry+https://github.com/rust-lang/crates.io-index"
checksum = "c33a9471896f1c69cecef8d20cbe2f7accd12527ce60845ff44c153bb2a21b49"

[[package]]
name = "portable-atomic-util"
version = "0.2.7"
source = "registry+https://github.com/rust-lang/crates.io-index"
checksum = "c2a106d1259c23fac8e543272398ae0e3c0b8d33c88ed73d0cc71b0f1d902618"
dependencies = [
 "portable-atomic",
]

[[package]]
name = "proc-macro2"
version = "1.0.106"
source = "registry+https://github.com/rust-lang/crates.io-index"
checksum = "8fd00f0bb2e90d81d1044c2b32617f68fcb9fa3bb7640c23e9c748e53fb30934"
dependencies = [
 "unicode-ident",
]

[[package]]
name = "quote"
version = "1.0.45"
source = "registry+https://github.com/rust-lang/crates.io-index"
checksum = "41f2619966050689382d2b44f664f4bc593e129785a36d6ee376ddf37259b924"
dependencies = [
 "proc-macro2",
]

[[package]]
name = "ringbuf"
version = "0.4.8"
source = "registry+https://github.com/rust-lang/crates.io-index"
checksum = "fe47b720588c8702e34b5979cb3271a8b1842c7cb6f57408efa70c779363488c"
dependencies = [
 "crossbeam-utils",
 "portable-atomic",
 "portable-atomic-util",
]

[[package]]
name = "skyline"
version = "0.6.0"
source = "git+https://github.com/ultimate-research/skyline-rs#6b52d321275639f26c2371d8142550ba0013a5e4"
dependencies = [
 "libc-nnsdk",
 "nnsdk",
 "skyline_macro",
]

[[package]]
name = "skyline_macro"
version = "0.2.1"
source = "git+https://github.com/ultimate-research/skyline-rs#6b52d321275639f26c2371d8142550ba0013a5e4"
dependencies = [
 "lazy_static",
 "proc-macro2",
 "quote",
 "syn",
]

[[package]]
name = "ssbusync-guest"
version = "1.2.0"
dependencies = [
 "skyline",
 "ultelier-macros",
]

[[package]]
name = "syn"
version = "1.0.109"
source = "registry+https://github.com/rust-lang/crates.io-index"
checksum = "72b64191b275b66ffe2469e8af2c1cfe3bafa67b529ead792a6d0160888b4237"
dependencies = [
 "proc-macro2",
 "quote",
 "unicode-ident",
]

[[package]]
name = "ultelier"
version = "1.2.0"
dependencies = [
 "imgui-api",
 "nsuite",
 "skyline",
 "ssbusync-guest",
]

[[package]]
name = "ultelier-macros"
version = "1.2.0"
dependencies = [
 "proc-macro2",
 "quote",
 "syn",
]

[[package]]
name = "unicode-ident"
version = "1.0.24"
source = "registry+https://github.com/rust-lang/crates.io-index"
checksum = "e6e4313cd5fcd3dad5cafa179702e2b244f760991f45397d14d4ebf38247da75"
